
Microsoft Visual Studio Solution File, Format Version 12.00
# Visual Studio 15
VisualStudioVersion = 15.0.28307.779
MinimumVisualStudioVersion = 10.0.40219.1
Project("{FAE04EC0-301F-11D3-BF4B-00C04F79EFBC}") = "SnackAttAppTest", "SnackAttAppTest\SnackAttAppTest.csproj", "{533F16C5-ECA8-47A4-988C-160C8F5E7257}"
EndProject
Project("{FAE04EC0-301F-11D3-BF4B-00C04F79EFBC}") = "SnackAttAppTestFramework", "SnackAttAppTestFramework\SnackAttAppTestFramework.csproj", "{27914BD0-E730-4B58-9072-E7C3EE54D02E}"
EndProject
Global
	GlobalSection(SolutionConfigurationPlatforms) = preSolution
		Debug|Any CPU = Debug|Any CPU
		Release|Any CPU = Release|Any CPU
	EndGlobalSection
	GlobalSection(ProjectConfigurationPlatforms) = postSolution
		{533F16C5-ECA8-47A4-988C-160C8F5E7257}.Debug|Any CPU.ActiveCfg = Debug|Any CPU
		{533F16C5-ECA8-47A4-988C-160C8F5E7257}.Debug|Any CPU.Build.0 = Debug|Any CPU
		{533F16C5-ECA8-47A4-988C-160C8F5E7257}.Release|Any CPU.ActiveCfg = Release|Any CPU
		{533F16C5-ECA8-47A4-988C-160C8F5E7257}.Release|Any CPU.Build.0 = Release|Any CPU
		{27914BD0-E730-4B58-9072-E7C3EE54D02E}.Debug|Any CPU.ActiveCfg = Debug|Any CPU
		{27914BD0-E730-4B58-9072-E7C3EE54D02E}.Debug|Any CPU.Build.0 = Debug|Any CPU
		{27914BD0-E730-4B58-9072-E7C3EE54D02E}.Release|Any CPU.ActiveCfg = Release|Any CPU
		{27914BD0-E730-4B58-9072-E7C3EE54D02E}.Release|Any CPU.Build.0 = Release|Any CPU
	EndGlobalSection
	GlobalSection(SolutionProperties) = preSolution
		HideSolutionNode = FALSE
	EndGlobalSection
	GlobalSection(ExtensibilityGlobals) = postSolution
		SolutionGuid = {8447E512-BC8B-4828-A565-847BFB38AAF1}
	EndGlobalSection
EndGlobal
